dependencies:
  espressif/aht20:
    component_hash: 76e613c248fd7533483e592f995a72dbefadf396447a2e3570645b3da80abb7c
    dependencies:
    - name: espressif/cmake_utilities
      registry_url: https://components.espressif.com
      require: private
      version: '*'
    - name: espressif/i2c_bus
      registry_url: https://components.espressif.com
      require: public
      version: ^1.4.0
    - name: idf
      require: private
      version: '>=4.3'
    source:
      registry_url: https://components.espressif.com/
      type: service
    version: 2.0.0
  espressif/bme280:
    component_hash: 873d97d0bd30004f45d1653f078a4bafe39c1767e57d4bae0f0a13bc3a4d5e3d
    dependencies:
    - name: espressif/cmake_utilities
      registry_url: https://components.espressif.com
      require: private
      version: 0.*
    - name: espressif/i2c_bus
      registry_url: https://components.espressif.com
      require: public
      version: '*'
    - name: idf
      require: private
      version: '>=4.4'
    source:
      registry_url: https://components.espressif.com/
      type: service
    version: 0.1.1
  espressif/cmake_utilities:
    component_hash: 351350613ceafba240b761b4ea991e0f231ac7a9f59a9ee901f751bddc0bb18f
    dependencies:
    - name: idf
      require: private
      version: '>=4.1'
    source:
      registry_url: https://components.espressif.com
      type: service
    version: 0.5.3
  espressif/ds18b20:
    component_hash: 9792f38a20eb2fe7435cba349e3b4b7085381f05400233aacd849ced69e2207f
    dependencies:
    - name: espressif/onewire_bus
      registry_url: https://components.espressif.com
      require: private
      version: ^1.0.0
    source:
      registry_url: https://components.espressif.com/
      type: service
    version: 0.2.0
  espressif/i2c_bus:
    component_hash: 4e990dc11734316186b489b362c61d41f23f79d58bc169795cec215e528cba14
    dependencies:
    - name: espressif/cmake_utilities
      registry_url: https://components.espressif.com
      require: private
      version: '*'
    - name: idf
      require: private
      version: '>=4.0'
    source:
      registry_url: https://components.espressif.com
      type: service
    version: 1.5.0
  espressif/led_strip:
    component_hash: 28c6509a727ef74925b372ed404772aeedf11cce10b78c3f69b3c66799095e2d
    dependencies:
    - name: idf
      require: private
      version: '>=4.4'
    source:
      registry_url: https://components.espressif.com/
      type: service
    version: 2.5.5
  espressif/onewire_bus:
    component_hash: 11729fd9a5de80225177a61e9cd77de91683b8ec300e83710d5327b666dbe884
    dependencies:
    - name: idf
      require: private
      version: '>=5.0'
    source:
      registry_url: https://components.espressif.com
      type: service
    version: 1.0.4
  espressif/sensor_hub:
    component_hash: b3e72f3e2d10e165b972b17fff889f294b1a685769efacf73ec8f1e92152d1d5
    dependencies:
    - name: espressif/cmake_utilities
      registry_url: https://components.espressif.com
      require: private
      version: 0.*
    - name: espressif/i2c_bus
      registry_url: https://components.espressif.com
      require: public
      version: 1.*
    - name: idf
      require: private
      version: '>=4.4'
    source:
      registry_url: https://components.espressif.com
      type: service
    version: 0.1.4
  espressif/sht3x:
    component_hash: c9bcb43e9d771dbd65e5855b12424d0a386b07d9aba98b2ed57890985013f4e5
    dependencies:
    - name: espressif/cmake_utilities
      registry_url: https://components.espressif.com
      require: private
      version: 0.*
    - name: espressif/i2c_bus
      registry_url: https://components.espressif.com
      require: public
      version: '*'
    - name: idf
      require: private
      version: '>=4.4'
    - name: espressif/sensor_hub
      registry_url: https://components.espressif.com
      require: public
      version: '*'
    source:
      registry_url: https://components.espressif.com/
      type: service
    version: 0.2.0
  idf:
    source:
      type: idf
    version: 5.5.0
direct_dependencies:
- espressif/aht20
- espressif/bme280
- espressif/ds18b20
- espressif/led_strip
- espressif/sht3x
- idf
manifest_hash: 704f122be4fece949c85ea2903bccde6f019dd7a591e08e8031e950f88aea1a4
target: esp32c3
version: 2.0.0
